
Microsoft Visual Studio Solution File, Format Version 12.00
# Visual Studio Version 16
VisualStudioVersion = 16.0.30011.22
MinimumVisualStudioVersion = 10.0.40219.1
Project("{FAE04EC0-301F-11D3-BF4B-00C04F79EFBC}") = "OnlineRecipes", "OnlineRecipes\OnlineRecipes.csproj", "{6F6651DB-16E9-438A-B2BE-D404E84BA74F}"
EndProject
Project("{FAE04EC0-301F-11D3-BF4B-00C04F79EFBC}") = "Vidly", "..\..\..\INNE\C#\Asp Net\vidly-mvc-5\Vidly\Vidly.csproj", "{295707EF-F8B0-4480-8538-B47844A263B4}"
EndProject
Project("{FAE04EC0-301F-11D3-BF4B-00C04F79EFBC}") = "Dropdown-enums", "..\..\..\INNE\C#\Asp Net\aspnetmvc-dropdown-enums\Dropdown-enums\Dropdown-enums.csproj", "{B1D9D933-2A10-4822-BC48-A74B36F4BCCA}"
EndProject
Project("{FAE04EC0-301F-11D3-BF4B-00C04F79EFBC}") = "Dropdowns", "..\..\..\INNE\C#\Asp Net\aspnet-dropdowns\Dropdowns\Dropdowns.csproj", "{40E2FAEC-41A7-43DA-AE61-143D403D767A}"
EndProject
Project("{FAE04EC0-301F-11D3-BF4B-00C04F79EFBC}") = "BlipDrop", "..\..\..\INNE\C#\Asp Net\BlipDrop\BlipDrop\BlipDrop.csproj", "{D0BCDE5C-44BB-494D-A184-A8A79BE9C3FB}"
EndProject
Global
	GlobalSection(SolutionConfigurationPlatforms) = preSolution
		Debug|Any CPU = Debug|Any CPU
		Release|Any CPU = Release|Any CPU
		Test|Any CPU = Test|Any CPU
		Testing|Any CPU = Testing|Any CPU
	EndGlobalSection
	GlobalSection(ProjectConfigurationPlatforms) = postSolution
		{6F6651DB-16E9-438A-B2BE-D404E84BA74F}.Debug|Any CPU.ActiveCfg = Debug|Any CPU
		{6F6651DB-16E9-438A-B2BE-D404E84BA74F}.Debug|Any CPU.Build.0 = Debug|Any CPU
		{6F6651DB-16E9-438A-B2BE-D404E84BA74F}.Release|Any CPU.ActiveCfg = Release|Any CPU
		{6F6651DB-16E9-438A-B2BE-D404E84BA74F}.Release|Any CPU.Build.0 = Release|Any CPU
		{6F6651DB-16E9-438A-B2BE-D404E84BA74F}.Test|Any CPU.ActiveCfg = Release|Any CPU
		{6F6651DB-16E9-438A-B2BE-D404E84BA74F}.Test|Any CPU.Build.0 = Release|Any CPU
		{6F6651DB-16E9-438A-B2BE-D404E84BA74F}.Testing|Any CPU.ActiveCfg = Release|Any CPU
		{6F6651DB-16E9-438A-B2BE-D404E84BA74F}.Testing|Any CPU.Build.0 = Release|Any CPU
		{295707EF-F8B0-4480-8538-B47844A263B4}.Debug|Any CPU.ActiveCfg = Debug|Any CPU
		{295707EF-F8B0-4480-8538-B47844A263B4}.Debug|Any CPU.Build.0 = Debug|Any CPU
		{295707EF-F8B0-4480-8538-B47844A263B4}.Release|Any CPU.ActiveCfg = Release|Any CPU
		{295707EF-F8B0-4480-8538-B47844A263B4}.Release|Any CPU.Build.0 = Release|Any CPU
		{295707EF-F8B0-4480-8538-B47844A263B4}.Test|Any CPU.ActiveCfg = Testing|Any CPU
		{295707EF-F8B0-4480-8538-B47844A263B4}.Test|Any CPU.Build.0 = Testing|Any CPU
		{295707EF-F8B0-4480-8538-B47844A263B4}.Testing|Any CPU.ActiveCfg = Testing|Any CPU
		{295707EF-F8B0-4480-8538-B47844A263B4}.Testing|Any CPU.Build.0 = Testing|Any CPU
		{B1D9D933-2A10-4822-BC48-A74B36F4BCCA}.Debug|Any CPU.ActiveCfg = Debug|Any CPU
		{B1D9D933-2A10-4822-BC48-A74B36F4BCCA}.Debug|Any CPU.Build.0 = Debug|Any CPU
		{B1D9D933-2A10-4822-BC48-A74B36F4BCCA}.Release|Any CPU.ActiveCfg = Release|Any CPU
		{B1D9D933-2A10-4822-BC48-A74B36F4BCCA}.Release|Any CPU.Build.0 = Release|Any CPU
		{B1D9D933-2A10-4822-BC48-A74B36F4BCCA}.Test|Any CPU.ActiveCfg = Release|Any CPU
		{B1D9D933-2A10-4822-BC48-A74B36F4BCCA}.Test|Any CPU.Build.0 = Release|Any CPU
		{B1D9D933-2A10-4822-BC48-A74B36F4BCCA}.Testing|Any CPU.ActiveCfg = Release|Any CPU
		{B1D9D933-2A10-4822-BC48-A74B36F4BCCA}.Testing|Any CPU.Build.0 = Release|Any CPU
		{40E2FAEC-41A7-43DA-AE61-143D403D767A}.Debug|Any CPU.ActiveCfg = Debug|Any CPU
		{40E2FAEC-41A7-43DA-AE61-143D403D767A}.Debug|Any CPU.Build.0 = Debug|Any CPU
		{40E2FAEC-41A7-43DA-AE61-143D403D767A}.Release|Any CPU.ActiveCfg = Release|Any CPU
		{40E2FAEC-41A7-43DA-AE61-143D403D767A}.Release|Any CPU.Build.0 = Release|Any CPU
		{40E2FAEC-41A7-43DA-AE61-143D403D767A}.Test|Any CPU.ActiveCfg = Release|Any CPU
		{40E2FAEC-41A7-43DA-AE61-143D403D767A}.Test|Any CPU.Build.0 = Release|Any CPU
		{40E2FAEC-41A7-43DA-AE61-143D403D767A}.Testing|Any CPU.ActiveCfg = Release|Any CPU
		{40E2FAEC-41A7-43DA-AE61-143D403D767A}.Testing|Any CPU.Build.0 = Release|Any CPU
		{D0BCDE5C-44BB-494D-A184-A8A79BE9C3FB}.Debug|Any CPU.ActiveCfg = Debug|Any CPU
		{D0BCDE5C-44BB-494D-A184-A8A79BE9C3FB}.Debug|Any CPU.Build.0 = Debug|Any CPU
		{D0BCDE5C-44BB-494D-A184-A8A79BE9C3FB}.Release|Any CPU.ActiveCfg = Release|Any CPU
		{D0BCDE5C-44BB-494D-A184-A8A79BE9C3FB}.Release|Any CPU.Build.0 = Release|Any CPU
		{D0BCDE5C-44BB-494D-A184-A8A79BE9C3FB}.Test|Any CPU.ActiveCfg = Release|Any CPU
		{D0BCDE5C-44BB-494D-A184-A8A79BE9C3FB}.Test|Any CPU.Build.0 = Release|Any CPU
		{D0BCDE5C-44BB-494D-A184-A8A79BE9C3FB}.Testing|Any CPU.ActiveCfg = Release|Any CPU
		{D0BCDE5C-44BB-494D-A184-A8A79BE9C3FB}.Testing|Any CPU.Build.0 = Release|Any CPU
	EndGlobalSection
	GlobalSection(SolutionProperties) = preSolution
		HideSolutionNode = FALSE
	EndGlobalSection
	GlobalSection(ExtensibilityGlobals) = postSolution
		SolutionGuid = {739CA3A6-CE72-4316-9A93-87ED6E13AFC2}
	EndGlobalSection
EndGlobal
